// !$*UTF8*$!
{
	archiveVersion = 1;
	classes = {
	};
	objectVersion = 50;
	objects = {

/* Begin PBXBuildFile section */
		FC91710826FF927B0073FD71 /* FructusApp.swift in Sources */ = {isa = PBXBuildFile; fileRef = FC91710726FF927B0073FD71 /* FructusApp.swift */; };
		FC91710A26FF927B0073FD71 /* ContentView.swift in Sources */ = {isa = PBXBuildFile; fileRef = FC91710926FF927B0073FD71 /* ContentView.swift */; };
		FC91710C26FF927D0073FD71 /* Assets.xcassets in Resources */ = {isa = PBXBuildFile; fileRef = FC91710B26FF927D0073FD71 /* Assets.xcassets */; };
		FC91710F26FF927D0073FD71 /* Preview Assets.xcassets in Resources */ = {isa = PBXBuildFile; fileRef = FC91710E26FF927D0073FD71 /* Preview Assets.xcassets */; };
		FC91711C26FF985D0073FD71 /* FruitCardView.swift in Sources */ = {isa = PBXBuildFile; fileRef = FC91711B26FF985D0073FD71 /* FruitCardView.swift */; };
		FC91712027003C000073FD71 /* StartButtonView.swift in Sources */ = {isa = PBXBuildFile; fileRef = FC91711F27003C000073FD71 /* StartButtonView.swift */; };
		FC917123270042690073FD71 /* OnboardingView.swift in Sources */ = {isa = PBXBuildFile; fileRef = FC917122270042690073FD71 /* OnboardingView.swift */; };
		FC9171272700444F0073FD71 /* FruitModel.swift in Sources */ = {isa = PBXBuildFile; fileRef = FC9171262700444F0073FD71 /* FruitModel.swift */; };
		FC91712B270054540073FD71 /* FruitData.swift in Sources */ = {isa = PBXBuildFile; fileRef = FC91712A270054540073FD71 /* FruitData.swift */; };
		FC91712E270176810073FD71 /* FruitRowView.swift in Sources */ = {isa = PBXBuildFile; fileRef = FC91712D270176810073FD71 /* FruitRowView.swift */; };
		FC9171312701BC990073FD71 /* FruitDetailView.swift in Sources */ = {isa = PBXBuildFile; fileRef = FC9171302701BC990073FD71 /* FruitDetailView.swift */; };
/* End PBXBuildFile section */

/* Begin PBXFileReference section */
		FC91710426FF927B0073FD71 /* Fructus.app */ = {isa = PBXFileReference; explicitFileType = wrapper.application; includeInIndex = 0; path = Fructus.app; sourceTree = BUILT_PRODUCTS_DIR; };
		FC91710726FF927B0073FD71 /* FructusApp.swift */ = {isa = PBXFileReference; lastKnownFileType = sourcecode.swift; path = FructusApp.swift; sourceTree = "<group>"; };
		FC91710926FF927B0073FD71 /* ContentView.swift */ = {isa = PBXFileReference; lastKnownFileType = sourcecode.swift; path = ContentView.swift; sourceTree = "<group>"; };
		FC91710B26FF927D0073FD71 /* Assets.xcassets */ = {isa = PBXFileReference; lastKnownFileType = folder.assetcatalog; path = Assets.xcassets; sourceTree = "<group>"; };
		FC91710E26FF927D0073FD71 /* Preview Assets.xcassets */ = {isa = PBXFileReference; lastKnownFileType = folder.assetcatalog; path = "Preview Assets.xcassets"; sourceTree = "<group>"; };
		FC91711026FF927D0073FD71 /* Info.plist */ = {isa = PBXFileReference; lastKnownFileType = text.plist.xml; path = Info.plist; sourceTree = "<group>"; };
		FC91711B26FF985D0073FD71 /* FruitCardView.swift */ = {isa = PBXFileReference; lastKnownFileType = sourcecode.swift; path = FruitCardView.swift; sourceTree = "<group>"; };
		FC91711F27003C000073FD71 /* StartButtonView.swift */ = {isa = PBXFileReference; lastKnownFileType = sourcecode.swift; path = StartButtonView.swift; sourceTree = "<group>"; };
		FC917122270042690073FD71 /* OnboardingView.swift */ = {isa = PBXFileReference; lastKnownFileType = sourcecode.swift; path = OnboardingView.swift; sourceTree = "<group>"; };
		FC9171262700444F0073FD71 /* FruitModel.swift */ = {isa = PBXFileReference; lastKnownFileType = sourcecode.swift; path = FruitModel.swift; sourceTree = "<group>"; };
		FC91712A270054540073FD71 /* FruitData.swift */ = {isa = PBXFileReference; lastKnownFileType = sourcecode.swift; path = FruitData.swift; sourceTree = "<group>"; };
		FC91712D270176810073FD71 /* FruitRowView.swift */ = {isa = PBXFileReference; lastKnownFileType = sourcecode.swift; path = FruitRowView.swift; sourceTree = "<group>"; };
		FC9171302701BC990073FD71 /* FruitDetailView.swift */ = {isa = PBXFileReference; lastKnownFileType = sourcecode.swift; path = FruitDetailView.swift; sourceTree = "<group>"; };
/* End PBXFileReference section */

/* Begin PBXFrameworksBuildPhase section */
		FC91710126FF927B0073FD71 /* Frameworks */ = {
			isa = PBXFrameworksBuildPhase;
			buildActionMask = 2147483647;
			files = (
			);
			runOnlyForDeploymentPostprocessing = 0;
		};
/* End PBXFrameworksBuildPhase section */

/* Begin PBXGroup section */
		FC9170FB26FF927B0073FD71 = {
			isa = PBXGroup;
			children = (
				FC91710626FF927B0073FD71 /* Fructus */,
				FC91710526FF927B0073FD71 /* Products */,
			);
			sourceTree = "<group>";
		};
		FC91710526FF927B0073FD71 /* Products */ = {
			isa = PBXGroup;
			children = (
				FC91710426FF927B0073FD71 /* Fructus.app */,
			);
			name = Products;
			sourceTree = "<group>";
		};
		FC91710626FF927B0073FD71 /* Fructus */ = {
			isa = PBXGroup;
			children = (
				FC9171292700543D0073FD71 /* Data */,
				FC917125270044380073FD71 /* Model */,
				FC91711A26FF982D0073FD71 /* View */,
				FC91711826FF97B30073FD71 /* App */,
				FC91710B26FF927D0073FD71 /* Assets.xcassets */,
				FC91711026FF927D0073FD71 /* Info.plist */,
				FC91710D26FF927D0073FD71 /* Preview Content */,
			);
			path = Fructus;
			sourceTree = "<group>";
		};
		FC91710D26FF927D0073FD71 /* Preview Content */ = {
			isa = PBXGroup;
			children = (
				FC91710E26FF927D0073FD71 /* Preview Assets.xcassets */,
			);
			path = "Preview Content";
			sourceTree = "<group>";
		};
		FC91711826FF97B30073FD71 /* App */ = {
			isa = PBXGroup;
			children = (
				FC9171302701BC990073FD71 /* FruitDetailView.swift */,
				FC91710726FF927B0073FD71 /* FructusApp.swift */,
				FC91710926FF927B0073FD71 /* ContentView.swift */,
				FC917122270042690073FD71 /* OnboardingView.swift */,
			);
			path = App;
			sourceTree = "<group>";
		};
		FC91711A26FF982D0073FD71 /* View */ = {
			isa = PBXGroup;
			children = (
				FC91711B26FF985D0073FD71 /* FruitCardView.swift */,
				FC91711F27003C000073FD71 /* StartButtonView.swift */,
				FC91712D270176810073FD71 /* FruitRowView.swift */,
			);
			path = View;
			sourceTree = "<group>";
		};
		FC917125270044380073FD71 /* Model */ = {
			isa = PBXGroup;
			children = (
				FC9171262700444F0073FD71 /* FruitModel.swift */,
			);
			path = Model;
			sourceTree = "<group>";
		};
		FC9171292700543D0073FD71 /* Data */ = {
			isa = PBXGroup;
			children = (
				FC91712A270054540073FD71 /* FruitData.swift */,
			);
			path = Data;
			sourceTree = "<group>";
		};
/* End PBXGroup section */

/* Begin PBXNativeTarget section */
		FC91710326FF927B0073FD71 /* Fructus */ = {
			isa = PBXNativeTarget;
			buildConfigurationList = FC91711326FF927D0073FD71 /* Build configuration list for PBXNativeTarget "Fructus" */;
			buildPhases = (
				FC91710026FF927B0073FD71 /* Sources */,
				FC91710126FF927B0073FD71 /* Frameworks */,
				FC91710226FF927B0073FD71 /* Resources */,
			);
			buildRules = (
			);
			dependencies = (
			);
			name = Fructus;
			productName = Fructus;
			productReference = FC91710426FF927B0073FD71 /* Fructus.app */;
			productType = "com.apple.product-type.application";
		};
/* End PBXNativeTarget section */

/* Begin PBXProject section */
		FC9170FC26FF927B0073FD71 /* Project object */ = {
			isa = PBXProject;
			attributes = {
				LastSwiftUpdateCheck = 1240;
				LastUpgradeCheck = 1240;
				TargetAttributes = {
					FC91710326FF927B0073FD71 = {
						CreatedOnToolsVersion = 12.4;
					};
				};
			};
			buildConfigurationList = FC9170FF26FF927B0073FD71 /* Build configuration list for PBXProject "Fructus" */;
			compatibilityVersion = "Xcode 9.3";
			developmentRegion = en;
			hasScannedForEncodings = 0;
			knownRegions = (
				en,
				Base,
			);
			mainGroup = FC9170FB26FF927B0073FD71;
			productRefGroup = FC91710526FF927B0073FD71 /* Products */;
			projectDirPath = "";
			projectRoot = "";
			targets = (
				FC91710326FF927B0073FD71 /* Fructus */,
			);
		};
/* End PBXProject section */

/* Begin PBXResourcesBuildPhase section */
		FC91710226FF927B0073FD71 /* Resources */ = {
			isa = PBXResourcesBuildPhase;
			buildActionMask = 2147483647;
			files = (
				FC91710F26FF927D0073FD71 /* Preview Assets.xcassets in Resources */,
				FC91710C26FF927D0073FD71 /* Assets.xcassets in Resources */,
			);
			runOnlyForDeploymentPostprocessing = 0;
		};
/* End PBXResourcesBuildPhase section */

/* Begin PBXSourcesBuildPhase section */
		FC91710026FF927B0073FD71 /* Sources */ = {
			isa = PBXSourcesBuildPhase;
			buildActionMask = 2147483647;
			files = (
				FC91712B270054540073FD71 /* FruitData.swift in Sources */,
				FC91711C26FF985D0073FD71 /* FruitCardView.swift in Sources */,
				FC91712E270176810073FD71 /* FruitRowView.swift in Sources */,
				FC91712027003C000073FD71 /* StartButtonView.swift in Sources */,
				FC9171312701BC990073FD71 /* FruitDetailView.swift in Sources */,
				FC91710A26FF927B0073FD71 /* ContentView.swift in Sources */,
				FC917123270042690073FD71 /* OnboardingView.swift in Sources */,
				FC9171272700444F0073FD71 /* FruitModel.swift in Sources */,
				FC91710826FF927B0073FD71 /* FructusApp.swift in Sources */,
			);
			runOnlyForDeploymentPostprocessing = 0;
		};
/* End PBXSourcesBuildPhase section */

/* Begin XCBuildConfiguration section */
		FC91711126FF927D0073FD71 /* Debug */ = {
			isa = XCBuildConfiguration;
			buildSettings = {
				ALWAYS_SEARCH_USER_PATHS = NO;
				CLANG_ANALYZER_NONNULL = YES;
				CLANG_ANALYZER_NUMBER_OBJECT_CONVERSION = YES_AGGRESSIVE;
				CLANG_CXX_LANGUAGE_STANDARD = "gnu++14";
				CLANG_CXX_LIBRARY = "libc++";
				CLANG_ENABLE_MODULES = YES;
				CLANG_ENABLE_OBJC_ARC = YES;
				CLANG_ENABLE_OBJC_WEAK = YES;
				CLANG_WARN_BLOCK_CAPTURE_AUTORELEASING = YES;
				CLANG_WARN_BOOL_CONVERSION = YES;
				CLANG_WARN_COMMA = YES;
				CLANG_WARN_CONSTANT_CONVERSION = YES;
				CLANG_WARN_DEPRECATED_OBJC_IMPLEMENTATIONS = YES;
				CLANG_WARN_DIRECT_OBJC_ISA_USAGE = YES_ERROR;
				CLANG_WARN_DOCUMENTATION_COMMENTS = YES;
				CLANG_WARN_EMPTY_BODY = YES;
				CLANG_WARN_ENUM_CONVERSION = YES;
				CLANG_WARN_INFINITE_RECURSION = YES;
				CLANG_WARN_INT_CONVERSION = YES;
				CLANG_WARN_NON_LITERAL_NULL_CONVERSION = YES;
				CLANG_WARN_OBJC_IMPLICIT_RETAIN_SELF = YES;
				CLANG_WARN_OBJC_LITERAL_CONVERSION = YES;
				CLANG_WARN_OBJC_ROOT_CLASS = YES_ERROR;
				CLANG_WARN_QUOTED_INCLUDE_IN_FRAMEWORK_HEADER = YES;
				CLANG_WARN_RANGE_LOOP_ANALYSIS = YES;
				CLANG_WARN_STRICT_PROTOTYPES = YES;
				CLANG_WARN_SUSPICIOUS_MOVE = YES;
				CLANG_WARN_UNGUARDED_AVAILABILITY = YES_AGGRESSIVE;
				CLANG_WARN_UNREACHABLE_CODE = YES;
				CLANG_WARN__DUPLICATE_METHOD_MATCH = YES;
				COPY_PHASE_STRIP = NO;
				DEBUG_INFORMATION_FORMAT = dwarf;
				ENABLE_STRICT_OBJC_MSGSEND = YES;
				ENABLE_TESTABILITY = YES;
				GCC_C_LANGUAGE_STANDARD = gnu11;
				GCC_DYNAMIC_NO_PIC = NO;
				GCC_NO_COMMON_BLOCKS = YES;
				GCC_OPTIMIZATION_LEVEL = 0;
				GCC_PREPROCESSOR_DEFINITIONS = (
					"DEBUG=1",
					"$(inherited)",
				);
				GCC_WARN_64_TO_32_BIT_CONVERSION = YES;
				GCC_WARN_ABOUT_RETURN_TYPE = YES_ERROR;
				GCC_WARN_UNDECLARED_SELECTOR = YES;
				GCC_WARN_UNINITIALIZED_AUTOS = YES_AGGRESSIVE;
				GCC_WARN_UNUSED_FUNCTION = YES;
				GCC_WARN_UNUSED_VARIABLE = YES;
				IPHONEOS_DEPLOYMENT_TARGET = 14.4;
				MTL_ENABLE_DEBUG_INFO = INCLUDE_SOURCE;
				MTL_FAST_MATH = YES;
				ONLY_ACTIVE_ARCH = YES;
				SDKROOT = iphoneos;
				SWIFT_ACTIVE_COMPILATION_CONDITIONS = DEBUG;
				SWIFT_OPTIMIZATION_LEVEL = "-Onone";
			};
			name = Debug;
		};
		FC91711226FF927D0073FD71 /* Release */ = {
			isa = XCBuildConfiguration;
			buildSettings = {
				ALWAYS_SEARCH_USER_PATHS = NO;
				CLANG_ANALYZER_NONNULL = YES;
				CLANG_ANALYZER_NUMBER_OBJECT_CONVERSION = YES_AGGRESSIVE;
				CLANG_CXX_LANGUAGE_STANDARD = "gnu++14";
				CLANG_CXX_LIBRARY = "libc++";
				CLANG_ENABLE_MODULES = YES;
				CLANG_ENABLE_OBJC_ARC = YES;
				CLANG_ENABLE_OBJC_WEAK = YES;
				CLANG_WARN_BLOCK_CAPTURE_AUTORELEASING = YES;
				CLANG_WARN_BOOL_CONVERSION = YES;
				CLANG_WARN_COMMA = YES;
				CLANG_WARN_CONSTANT_CONVERSION = YES;
				CLANG_WARN_DEPRECATED_OBJC_IMPLEMENTATIONS = YES;
				CLANG_WARN_DIRECT_OBJC_ISA_USAGE = YES_ERROR;
				CLANG_WARN_DOCUMENTATION_COMMENTS = YES;
				CLANG_WARN_EMPTY_BODY = YES;
				CLANG_WARN_ENUM_CONVERSION = YES;
				CLANG_WARN_INFINITE_RECURSION = YES;
				CLANG_WARN_INT_CONVERSION = YES;
				CLANG_WARN_NON_LITERAL_NULL_CONVERSION = YES;
				CLANG_WARN_OBJC_IMPLICIT_RETAIN_SELF = YES;
				CLANG_WARN_OBJC_LITERAL_CONVERSION = YES;
				CLANG_WARN_OBJC_ROOT_CLASS = YES_ERROR;
				CLANG_WARN_QUOTED_INCLUDE_IN_FRAMEWORK_HEADER = YES;
				CLANG_WARN_RANGE_LOOP_ANALYSIS = YES;
				CLANG_WARN_STRICT_PROTOTYPES = YES;
				CLANG_WARN_SUSPICIOUS_MOVE = YES;
				CLANG_WARN_UNGUARDED_AVAILABILITY = YES_AGGRESSIVE;
				CLANG_WARN_UNREACHABLE_CODE = YES;
				CLANG_WARN__DUPLICATE_METHOD_MATCH = YES;
				COPY_PHASE_STRIP = NO;
				DEBUG_INFORMATION_FORMAT = "dwarf-with-dsym";
				ENABLE_NS_ASSERTIONS = NO;
				ENABLE_STRICT_OBJC_MSGSEND = YES;
				GCC_C_LANGUAGE_STANDARD = gnu11;
				GCC_NO_COMMON_BLOCKS = YES;
				GCC_WARN_64_TO_32_BIT_CONVERSION = YES;
				GCC_WARN_ABOUT_RETURN_TYPE = YES_ERROR;
				GCC_WARN_UNDECLARED_SELECTOR = YES;
				GCC_WARN_UNINITIALIZED_AUTOS = YES_AGGRESSIVE;
				GCC_WARN_UNUSED_FUNCTION = YES;
				GCC_WARN_UNUSED_VARIABLE = YES;
				IPHONEOS_DEPLOYMENT_TARGET = 14.4;
				MTL_ENABLE_DEBUG_INFO = NO;
				MTL_FAST_MATH = YES;
				SDKROOT = iphoneos;
				SWIFT_COMPILATION_MODE = wholemodule;
				SWIFT_OPTIMIZATION_LEVEL = "-O";
				VALIDATE_PRODUCT = YES;
			};
			name = Release;
		};
		FC91711426FF927D0073FD71 /* Debug */ = {
			isa = XCBuildConfiguration;
			buildSettings = {
				ASSETCATALOG_COMPILER_APPICON_NAME = AppIcon;
				ASSETCATALOG_COMPILER_GLOBAL_ACCENT_COLOR_NAME = AccentColor;
				CODE_SIGN_STYLE = Automatic;
				DEVELOPMENT_ASSET_PATHS = "\"Fructus/Preview Content\"";
				DEVELOPMENT_TEAM = 892KGV2B93;
				ENABLE_PREVIEWS = YES;
				INFOPLIST_FILE = Fructus/Info.plist;
				IPHONEOS_DEPLOYMENT_TARGET = 14.0;
				LD_RUNPATH_SEARCH_PATHS = (
					"$(inherited)",
					"@executable_path/Frameworks",
				);
				PRODUCT_BUNDLE_IDENTIFIER = "com.delet-dis.Fructus";
				PRODUCT_NAME = "$(TARGET_NAME)";
				SWIFT_VERSION = 5.0;
				TARGETED_DEVICE_FAMILY = "1,2";
			};
			name = Debug;
		};
		FC91711526FF927D0073FD71 /* Release */ = {
			isa = XCBuildConfiguration;
			buildSettings = {
				ASSETCATALOG_COMPILER_APPICON_NAME = AppIcon;
				ASSETCATALOG_COMPILER_GLOBAL_ACCENT_COLOR_NAME = AccentColor;
				CODE_SIGN_STYLE = Automatic;
				DEVELOPMENT_ASSET_PATHS = "\"Fructus/Preview Content\"";
				DEVELOPMENT_TEAM = 892KGV2B93;
				ENABLE_PREVIEWS = YES;
				INFOPLIST_FILE = Fructus/Info.plist;
				IPHONEOS_DEPLOYMENT_TARGET = 14.0;
				LD_RUNPATH_SEARCH_PATHS = (
					"$(inherited)",
					"@executable_path/Frameworks",
				);
				PRODUCT_BUNDLE_IDENTIFIER = "com.delet-dis.Fructus";
				PRODUCT_NAME = "$(TARGET_NAME)";
				SWIFT_VERSION = 5.0;
				TARGETED_DEVICE_FAMILY = "1,2";
			};
			name = Release;
		};
/* End XCBuildConfiguration section */

/* Begin XCConfigurationList section */
		FC9170FF26FF927B0073FD71 /* Build configuration list for PBXProject "Fructus" */ = {
			isa = XCConfigurationList;
			buildConfigurations = (
				FC91711126FF927D0073FD71 /* Debug */,
				FC91711226FF927D0073FD71 /* Release */,
			);
			defaultConfigurationIsVisible = 0;
			defaultConfigurationName = Release;
		};
		FC91711326FF927D0073FD71 /* Build configuration list for PBXNativeTarget "Fructus" */ = {
			isa = XCConfigurationList;
			buildConfigurations = (
				FC91711426FF927D0073FD71 /* Debug */,
				FC91711526FF927D0073FD71 /* Release */,
			);
			defaultConfigurationIsVisible = 0;
			defaultConfigurationName = Release;
		};
/* End XCConfigurationList section */
	};
	rootObject = FC9170FC26FF927B0073FD71 /* Project object */;
}
